// !$*UTF8*$!
{
	archiveVersion = 1;
	classes = {
	};
	objectVersion = 50;
	objects = {

/* Begin PBXBuildFile section */
		858E412127309783000D8C51 /* PayViewController.swift in Sources */ = {isa = PBXBuildFile; fileRef = 858E412027309783000D8C51 /* PayViewController.swift */; };
		85D1C9C527284C05009DEC98 /* AppDelegate.swift in Sources */ = {isa = PBXBuildFile; fileRef = 85D1C9C427284C05009DEC98 /* AppDelegate.swift */; };
		85D1C9C727284C05009DEC98 /* SceneDelegate.swift in Sources */ = {isa = PBXBuildFile; fileRef = 85D1C9C627284C05009DEC98 /* SceneDelegate.swift */; };
		85D1C9C927284C05009DEC98 /* ViewController.swift in Sources */ = {isa = PBXBuildFile; fileRef = 85D1C9C827284C05009DEC98 /* ViewController.swift */; };
		85D1C9CC27284C05009DEC98 /* Main.storyboard in Resources */ = {isa = PBXBuildFile; fileRef = 85D1C9CA27284C05009DEC98 /* Main.storyboard */; };
		85D1C9CE27284C05009DEC98 /* Assets.xcassets in Resources */ = {isa = PBXBuildFile; fileRef = 85D1C9CD27284C05009DEC98 /* Assets.xcassets */; };
		85D1C9D127284C05009DEC98 /* LaunchScreen.storyboard in Resources */ = {isa = PBXBuildFile; fileRef = 85D1C9CF27284C05009DEC98 /* LaunchScreen.storyboard */; };
		85D1C9D927284CBE009DEC98 /* Burger.swift in Sources */ = {isa = PBXBuildFile; fileRef = 85D1C9D827284CBE009DEC98 /* Burger.swift */; };
/* End PBXBuildFile section */

/* Begin PBXFileReference section */
		858E412027309783000D8C51 /* PayViewController.swift */ = {isa = PBXFileReference; lastKnownFileType = sourcecode.swift; path = PayViewController.swift; sourceTree = "<group>"; };
		85D1C9C127284C05009DEC98 /* burgerClassMiniApp.app */ = {isa = PBXFileReference; explicitFileType = wrapper.application; includeInIndex = 0; path = burgerClassMiniApp.app; sourceTree = BUILT_PRODUCTS_DIR; };
		85D1C9C427284C05009DEC98 /* AppDelegate.swift */ = {isa = PBXFileReference; lastKnownFileType = sourcecode.swift; path = AppDelegate.swift; sourceTree = "<group>"; };
		85D1C9C627284C05009DEC98 /* SceneDelegate.swift */ = {isa = PBXFileReference; lastKnownFileType = sourcecode.swift; path = SceneDelegate.swift; sourceTree = "<group>"; };
		85D1C9C827284C05009DEC98 /* ViewController.swift */ = {isa = PBXFileReference; lastKnownFileType = sourcecode.swift; path = ViewController.swift; sourceTree = "<group>"; };
		85D1C9CB27284C05009DEC98 /* Base */ = {isa = PBXFileReference; lastKnownFileType = file.storyboard; name = Base; path = Base.lproj/Main.storyboard; sourceTree = "<group>"; };
		85D1C9CD27284C05009DEC98 /* Assets.xcassets */ = {isa = PBXFileReference; lastKnownFileType = folder.assetcatalog; path = Assets.xcassets; sourceTree = "<group>"; };
		85D1C9D027284C05009DEC98 /* Base */ = {isa = PBXFileReference; lastKnownFileType = file.storyboard; name = Base; path = Base.lproj/LaunchScreen.storyboard; sourceTree = "<group>"; };
		85D1C9D227284C05009DEC98 /* Info.plist */ = {isa = PBXFileReference; lastKnownFileType = text.plist.xml; path = Info.plist; sourceTree = "<group>"; };
		85D1C9D827284CBE009DEC98 /* Burger.swift */ = {isa = PBXFileReference; lastKnownFileType = sourcecode.swift; path = Burger.swift; sourceTree = "<group>"; };
/* End PBXFileReference section */

/* Begin PBXFrameworksBuildPhase section */
		85D1C9BE27284C05009DEC98 /* Frameworks */ = {
			isa = PBXFrameworksBuildPhase;
			buildActionMask = 2147483647;
			files = (
			);
			runOnlyForDeploymentPostprocessing = 0;
		};
/* End PBXFrameworksBuildPhase section */

/* Begin PBXGroup section */
		85D1C9B827284C05009DEC98 = {
			isa = PBXGroup;
			children = (
				858E412027309783000D8C51 /* PayViewController.swift */,
				85D1C9C327284C05009DEC98 /* burgerClassMiniApp */,
				85D1C9C227284C05009DEC98 /* Products */,
			);
			sourceTree = "<group>";
		};
		85D1C9C227284C05009DEC98 /* Products */ = {
			isa = PBXGroup;
			children = (
				85D1C9C127284C05009DEC98 /* burgerClassMiniApp.app */,
			);
			name = Products;
			sourceTree = "<group>";
		};
		85D1C9C327284C05009DEC98 /* burgerClassMiniApp */ = {
			isa = PBXGroup;
			children = (
				85D1C9C427284C05009DEC98 /* AppDelegate.swift */,
				85D1C9C627284C05009DEC98 /* SceneDelegate.swift */,
				85D1C9C827284C05009DEC98 /* ViewController.swift */,
				85D1C9CA27284C05009DEC98 /* Main.storyboard */,
				85D1C9D827284CBE009DEC98 /* Burger.swift */,
				85D1C9CD27284C05009DEC98 /* Assets.xcassets */,
				85D1C9CF27284C05009DEC98 /* LaunchScreen.storyboard */,
				85D1C9D227284C05009DEC98 /* Info.plist */,
			);
			path = burgerClassMiniApp;
			sourceTree = "<group>";
		};
/* End PBXGroup section */

/* Begin PBXNativeTarget section */
		85D1C9C027284C05009DEC98 /* burgerClassMiniApp */ = {
			isa = PBXNativeTarget;
			buildConfigurationList = 85D1C9D527284C05009DEC98 /* Build configuration list for PBXNativeTarget "burgerClassMiniApp" */;
			buildPhases = (
				85D1C9BD27284C05009DEC98 /* Sources */,
				85D1C9BE27284C05009DEC98 /* Frameworks */,
				85D1C9BF27284C05009DEC98 /* Resources */,
			);
			buildRules = (
			);
			dependencies = (
			);
			name = burgerClassMiniApp;
			productName = burgerClassMiniApp;
			productReference = 85D1C9C127284C05009DEC98 /* burgerClassMiniApp.app */;
			productType = "com.apple.product-type.application";
		};
/* End PBXNativeTarget section */

/* Begin PBXProject section */
		85D1C9B927284C05009DEC98 /* Project object */ = {
			isa = PBXProject;
			attributes = {
				LastSwiftUpdateCheck = 1250;
				LastUpgradeCheck = 1250;
				TargetAttributes = {
					85D1C9C027284C05009DEC98 = {
						CreatedOnToolsVersion = 12.5.1;
					};
				};
			};
			buildConfigurationList = 85D1C9BC27284C05009DEC98 /* Build configuration list for PBXProject "burgerClassMiniApp" */;
			compatibilityVersion = "Xcode 9.3";
			developmentRegion = en;
			hasScannedForEncodings = 0;
			knownRegions = (
				en,
				Base,
			);
			mainGroup = 85D1C9B827284C05009DEC98;
			productRefGroup = 85D1C9C227284C05009DEC98 /* Products */;
			projectDirPath = "";
			projectRoot = "";
			targets = (
				85D1C9C027284C05009DEC98 /* burgerClassMiniApp */,
			);
		};
/* End PBXProject section */

/* Begin PBXResourcesBuildPhase section */
		85D1C9BF27284C05009DEC98 /* Resources */ = {
			isa = PBXResourcesBuildPhase;
			buildActionMask = 2147483647;
			files = (
				85D1C9D127284C05009DEC98 /* LaunchScreen.storyboard in Resources */,
				85D1C9CE27284C05009DEC98 /* Assets.xcassets in Resources */,
				85D1C9CC27284C05009DEC98 /* Main.storyboard in Resources */,
			);
			runOnlyForDeploymentPostprocessing = 0;
		};
/* End PBXResourcesBuildPhase section */

/* Begin PBXSourcesBuildPhase section */
		85D1C9BD27284C05009DEC98 /* Sources */ = {
			isa = PBXSourcesBuildPhase;
			buildActionMask = 2147483647;
			files = (
				85D1C9C927284C05009DEC98 /* ViewController.swift in Sources */,
				858E412127309783000D8C51 /* PayViewController.swift in Sources */,
				85D1C9C527284C05009DEC98 /* AppDelegate.swift in Sources */,
				85D1C9D927284CBE009DEC98 /* Burger.swift in Sources */,
				85D1C9C727284C05009DEC98 /* SceneDelegate.swift in Sources */,
			);
			runOnlyForDeploymentPostprocessing = 0;
		};
/* End PBXSourcesBuildPhase section */

/* Begin PBXVariantGroup section */
		85D1C9CA27284C05009DEC98 /* Main.storyboard */ = {
			isa = PBXVariantGroup;
			children = (
				85D1C9CB27284C05009DEC98 /* Base */,
			);
			name = Main.storyboard;
			sourceTree = "<group>";
		};
		85D1C9CF27284C05009DEC98 /* LaunchScreen.storyboard */ = {
			isa = PBXVariantGroup;
			children = (
				85D1C9D027284C05009DEC98 /* Base */,
			);
			name = LaunchScreen.storyboard;
			sourceTree = "<group>";
		};
/* End PBXVariantGroup section */

/* Begin XCBuildConfiguration section */
		85D1C9D327284C05009DEC98 /* Debug */ = {
			isa = XCBuildConfiguration;
			buildSettings = {
				ALWAYS_SEARCH_USER_PATHS = NO;
				CLANG_ANALYZER_NONNULL = YES;
				CLANG_ANALYZER_NUMBER_OBJECT_CONVERSION = YES_AGGRESSIVE;
				CLANG_CXX_LANGUAGE_STANDARD = "gnu++14";
				CLANG_CXX_LIBRARY = "libc++";
				CLANG_ENABLE_MODULES = YES;
				CLANG_ENABLE_OBJC_ARC = YES;
				CLANG_ENABLE_OBJC_WEAK = YES;
				CLANG_WARN_BLOCK_CAPTURE_AUTORELEASING = YES;
				CLANG_WARN_BOOL_CONVERSION = YES;
				CLANG_WARN_COMMA = YES;
				CLANG_WARN_CONSTANT_CONVERSION = YES;
				CLANG_WARN_DEPRECATED_OBJC_IMPLEMENTATIONS = YES;
				CLANG_WARN_DIRECT_OBJC_ISA_USAGE = YES_ERROR;
				CLANG_WARN_DOCUMENTATION_COMMENTS = YES;
				CLANG_WARN_EMPTY_BODY = YES;
				CLANG_WARN_ENUM_CONVERSION = YES;
				CLANG_WARN_INFINITE_RECURSION = YES;
				CLANG_WARN_INT_CONVERSION = YES;
				CLANG_WARN_NON_LITERAL_NULL_CONVERSION = YES;
				CLANG_WARN_OBJC_IMPLICIT_RETAIN_SELF = YES;
				CLANG_WARN_OBJC_LITERAL_CONVERSION = YES;
				CLANG_WARN_OBJC_ROOT_CLASS = YES_ERROR;
				CLANG_WARN_QUOTED_INCLUDE_IN_FRAMEWORK_HEADER = YES;
				CLANG_WARN_RANGE_LOOP_ANALYSIS = YES;
				CLANG_WARN_STRICT_PROTOTYPES = YES;
				CLANG_WARN_SUSPICIOUS_MOVE = YES;
				CLANG_WARN_UNGUARDED_AVAILABILITY = YES_AGGRESSIVE;
				CLANG_WARN_UNREACHABLE_CODE = YES;
				CLANG_WARN__DUPLICATE_METHOD_MATCH = YES;
				COPY_PHASE_STRIP = NO;
				DEBUG_INFORMATION_FORMAT = dwarf;
				ENABLE_STRICT_OBJC_MSGSEND = YES;
				ENABLE_TESTABILITY = YES;
				GCC_C_LANGUAGE_STANDARD = gnu11;
				GCC_DYNAMIC_NO_PIC = NO;
				GCC_NO_COMMON_BLOCKS = YES;
				GCC_OPTIMIZATION_LEVEL = 0;
				GCC_PREPROCESSOR_DEFINITIONS = (
					"DEBUG=1",
					"$(inherited)",
				);
				GCC_WARN_64_TO_32_BIT_CONVERSION = YES;
				GCC_WARN_ABOUT_RETURN_TYPE = YES_ERROR;
				GCC_WARN_UNDECLARED_SELECTOR = YES;
				GCC_WARN_UNINITIALIZED_AUTOS = YES_AGGRESSIVE;
				GCC_WARN_UNUSED_FUNCTION = YES;
				GCC_WARN_UNUSED_VARIABLE = YES;
				IPHONEOS_DEPLOYMENT_TARGET = 14.5;
				MTL_ENABLE_DEBUG_INFO = INCLUDE_SOURCE;
				MTL_FAST_MATH = YES;
				ONLY_ACTIVE_ARCH = YES;
				SDKROOT = iphoneos;
				SWIFT_ACTIVE_COMPILATION_CONDITIONS = DEBUG;
				SWIFT_OPTIMIZATION_LEVEL = "-Onone";
			};
			name = Debug;
		};
		85D1C9D427284C05009DEC98 /* Release */ = {
			isa = XCBuildConfiguration;
			buildSettings = {
				ALWAYS_SEARCH_USER_PATHS = NO;
				CLANG_ANALYZER_NONNULL = YES;
				CLANG_ANALYZER_NUMBER_OBJECT_CONVERSION = YES_AGGRESSIVE;
				CLANG_CXX_LANGUAGE_STANDARD = "gnu++14";
				CLANG_CXX_LIBRARY = "libc++";
				CLANG_ENABLE_MODULES = YES;
				CLANG_ENABLE_OBJC_ARC = YES;
				CLANG_ENABLE_OBJC_WEAK = YES;
				CLANG_WARN_BLOCK_CAPTURE_AUTORELEASING = YES;
				CLANG_WARN_BOOL_CONVERSION = YES;
				CLANG_WARN_COMMA = YES;
				CLANG_WARN_CONSTANT_CONVERSION = YES;
				CLANG_WARN_DEPRECATED_OBJC_IMPLEMENTATIONS = YES;
				CLANG_WARN_DIRECT_OBJC_ISA_USAGE = YES_ERROR;
				CLANG_WARN_DOCUMENTATION_COMMENTS = YES;
				CLANG_WARN_EMPTY_BODY = YES;
				CLANG_WARN_ENUM_CONVERSION = YES;
				CLANG_WARN_INFINITE_RECURSION = YES;
				CLANG_WARN_INT_CONVERSION = YES;
				CLANG_WARN_NON_LITERAL_NULL_CONVERSION = YES;
				CLANG_WARN_OBJC_IMPLICIT_RETAIN_SELF = YES;
				CLANG_WARN_OBJC_LITERAL_CONVERSION = YES;
				CLANG_WARN_OBJC_ROOT_CLASS = YES_ERROR;
				CLANG_WARN_QUOTED_INCLUDE_IN_FRAMEWORK_HEADER = YES;
				CLANG_WARN_RANGE_LOOP_ANALYSIS = YES;
				CLANG_WARN_STRICT_PROTOTYPES = YES;
				CLANG_WARN_SUSPICIOUS_MOVE = YES;
				CLANG_WARN_UNGUARDED_AVAILABILITY = YES_AGGRESSIVE;
				CLANG_WARN_UNREACHABLE_CODE = YES;
				CLANG_WARN__DUPLICATE_METHOD_MATCH = YES;
				COPY_PHASE_STRIP = NO;
				DEBUG_INFORMATION_FORMAT = "dwarf-with-dsym";
				ENABLE_NS_ASSERTIONS = NO;
				ENABLE_STRICT_OBJC_MSGSEND = YES;
				GCC_C_LANGUAGE_STANDARD = gnu11;
				GCC_NO_COMMON_BLOCKS = YES;
				GCC_WARN_64_TO_32_BIT_CONVERSION = YES;
				GCC_WARN_ABOUT_RETURN_TYPE = YES_ERROR;
				GCC_WARN_UNDECLARED_SELECTOR = YES;
				GCC_WARN_UNINITIALIZED_AUTOS = YES_AGGRESSIVE;
				GCC_WARN_UNUSED_FUNCTION = YES;
				GCC_WARN_UNUSED_VARIABLE = YES;
				IPHONEOS_DEPLOYMENT_TARGET = 14.5;
				MTL_ENABLE_DEBUG_INFO = NO;
				MTL_FAST_MATH = YES;
				SDKROOT = iphoneos;
				SWIFT_COMPILATION_MODE = wholemodule;
				SWIFT_OPTIMIZATION_LEVEL = "-O";
				VALIDATE_PRODUCT = YES;
			};
			name = Release;
		};
		85D1C9D627284C05009DEC98 /* Debug */ = {
			isa = XCBuildConfiguration;
			buildSettings = {
				ASSETCATALOG_COMPILER_APPICON_NAME = AppIcon;
				ASSETCATALOG_COMPILER_GLOBAL_ACCENT_COLOR_NAME = AccentColor;
				CODE_SIGN_STYLE = Automatic;
				INFOPLIST_FILE = burgerClassMiniApp/Info.plist;
				LD_RUNPATH_SEARCH_PATHS = (
					"$(inherited)",
					"@executable_path/Frameworks",
				);
				PRODUCT_BUNDLE_IDENTIFIER = akhandeshi.burgerClassMiniApp;
				PRODUCT_NAME = "$(TARGET_NAME)";
				SWIFT_VERSION = 5.0;
				TARGETED_DEVICE_FAMILY = "1,2";
			};
			name = Debug;
		};
		85D1C9D727284C05009DEC98 /* Release */ = {
			isa = XCBuildConfiguration;
			buildSettings = {
				ASSETCATALOG_COMPILER_APPICON_NAME = AppIcon;
				ASSETCATALOG_COMPILER_GLOBAL_ACCENT_COLOR_NAME = AccentColor;
				CODE_SIGN_STYLE = Automatic;
				INFOPLIST_FILE = burgerClassMiniApp/Info.plist;
				LD_RUNPATH_SEARCH_PATHS = (
					"$(inherited)",
					"@executable_path/Frameworks",
				);
				PRODUCT_BUNDLE_IDENTIFIER = akhandeshi.burgerClassMiniApp;
				PRODUCT_NAME = "$(TARGET_NAME)";
				SWIFT_VERSION = 5.0;
				TARGETED_DEVICE_FAMILY = "1,2";
			};
			name = Release;
		};
/* End XCBuildConfiguration section */

/* Begin XCConfigurationList section */
		85D1C9BC27284C05009DEC98 /* Build configuration list for PBXProject "burgerClassMiniApp" */ = {
			isa = XCConfigurationList;
			buildConfigurations = (
				85D1C9D327284C05009DEC98 /* Debug */,
				85D1C9D427284C05009DEC98 /* Release */,
			);
			defaultConfigurationIsVisible = 0;
			defaultConfigurationName = Release;
		};
		85D1C9D527284C05009DEC98 /* Build configuration list for PBXNativeTarget "burgerClassMiniApp" */ = {
			isa = XCConfigurationList;
			buildConfigurations = (
				85D1C9D627284C05009DEC98 /* Debug */,
				85D1C9D727284C05009DEC98 /* Release */,
			);
			defaultConfigurationIsVisible = 0;
			defaultConfigurationName = Release;
		};
/* End XCConfigurationList section */
	};
	rootObject = 85D1C9B927284C05009DEC98 /* Project object */;
}
